
Microsoft Visual Studio Solution File, Format Version 12.00
# Visual Studio 15
VisualStudioVersion = 15.0.26430.16
MinimumVisualStudioVersion = 10.0.40219.1
Project("{FAE04EC0-301F-11D3-BF4B-00C04F79EFBC}") = "JiraBase", "JiraBase\JiraBase.csproj", "{1B0BE822-802A-4D8D-B00A-BB05BAFECC13}"
EndProject
Project("{FAE04EC0-301F-11D3-BF4B-00C04F79EFBC}") = "JiraProjects", "JiraProjects\JiraProjects.csproj", "{F9013641-2F84-454B-8496-4405595FCAE3}"
EndProject
Project("{FAE04EC0-301F-11D3-BF4B-00C04F79EFBC}") = "AnotherJiraRestClient", "AnotherJiraRestClient\AnotherJiraRestClient.csproj", "{49EB9A11-ED25-412A-9416-C124A0CCFB8F}"
EndProject
Project("{FAE04EC0-301F-11D3-BF4B-00C04F79EFBC}") = "AnotherJiraRestClient.Sample", "AnotherJiraRestClient.Sample\AnotherJiraRestClient.Sample.csproj", "{F122798E-F04B-451F-A82A-BE28734BB183}"
EndProject
Global
	GlobalSection(SolutionConfigurationPlatforms) = preSolution
		Debug|Any CPU = Debug|Any CPU
		Release|Any CPU = Release|Any CPU
	EndGlobalSection
	GlobalSection(ProjectConfigurationPlatforms) = postSolution
		{1B0BE822-802A-4D8D-B00A-BB05BAFECC13}.Debug|Any CPU.ActiveCfg = Debug|Any CPU
		{1B0BE822-802A-4D8D-B00A-BB05BAFECC13}.Debug|Any CPU.Build.0 = Debug|Any CPU
		{1B0BE822-802A-4D8D-B00A-BB05BAFECC13}.Release|Any CPU.ActiveCfg = Release|Any CPU
		{1B0BE822-802A-4D8D-B00A-BB05BAFECC13}.Release|Any CPU.Build.0 = Release|Any CPU
		{F9013641-2F84-454B-8496-4405595FCAE3}.Debug|Any CPU.ActiveCfg = Debug|Any CPU
		{F9013641-2F84-454B-8496-4405595FCAE3}.Debug|Any CPU.Build.0 = Debug|Any CPU
		{F9013641-2F84-454B-8496-4405595FCAE3}.Release|Any CPU.ActiveCfg = Release|Any CPU
		{F9013641-2F84-454B-8496-4405595FCAE3}.Release|Any CPU.Build.0 = Release|Any CPU
		{49EB9A11-ED25-412A-9416-C124A0CCFB8F}.Debug|Any CPU.ActiveCfg = Debug|Any CPU
		{49EB9A11-ED25-412A-9416-C124A0CCFB8F}.Debug|Any CPU.Build.0 = Debug|Any CPU
		{49EB9A11-ED25-412A-9416-C124A0CCFB8F}.Release|Any CPU.ActiveCfg = Release|Any CPU
		{49EB9A11-ED25-412A-9416-C124A0CCFB8F}.Release|Any CPU.Build.0 = Release|Any CPU
		{F122798E-F04B-451F-A82A-BE28734BB183}.Debug|Any CPU.ActiveCfg = Debug|Any CPU
		{F122798E-F04B-451F-A82A-BE28734BB183}.Debug|Any CPU.Build.0 = Debug|Any CPU
		{F122798E-F04B-451F-A82A-BE28734BB183}.Release|Any CPU.ActiveCfg = Release|Any CPU
		{F122798E-F04B-451F-A82A-BE28734BB183}.Release|Any CPU.Build.0 = Release|Any CPU
	EndGlobalSection
	GlobalSection(SolutionProperties) = preSolution
		HideSolutionNode = FALSE
	EndGlobalSection
EndGlobal
